
Microsoft Visual Studio Solution File, Format Version 12.00
# Visual Studio Version 16
VisualStudioVersion = 16.0.30907.101
MinimumVisualStudioVersion = 10.0.40219.1
Project("{9A19103F-16F7-4668-BE54-9A1E7A4F7556}") = "ConnectorIac.Api", "ConnectorIac.Api\ConnectorIac.Api.csproj", "{1956CC4C-69F1-46CD-A469-3D4757288856}"
EndProject
Project("{FAE04EC0-301F-11D3-BF4B-00C04F79EFBC}") = "ConnectorIac.Bl", "ConnectorIac.Bl\ConnectorIac.Bl.csproj", "{6CB43B51-34F7-4592-9692-EBAEAFA1324A}"
EndProject
Project("{FAE04EC0-301F-11D3-BF4B-00C04F79EFBC}") = "ConnectorIac.Dal", "ConnectorIac.Dal\ConnectorIac.Dal.csproj", "{42A7F6D1-6BFD-4C66-BF25-7EA6B0035F13}"
EndProject
Global
	GlobalSection(SolutionConfigurationPlatforms) = preSolution
		Debug|Any CPU = Debug|Any CPU
		Release|Any CPU = Release|Any CPU
	EndGlobalSection
	GlobalSection(ProjectConfigurationPlatforms) = postSolution
		{1956CC4C-69F1-46CD-A469-3D4757288856}.Debug|Any CPU.ActiveCfg = Debug|Any CPU
		{1956CC4C-69F1-46CD-A469-3D4757288856}.Debug|Any CPU.Build.0 = Debug|Any CPU
		{1956CC4C-69F1-46CD-A469-3D4757288856}.Release|Any CPU.ActiveCfg = Release|Any CPU
		{1956CC4C-69F1-46CD-A469-3D4757288856}.Release|Any CPU.Build.0 = Release|Any CPU
		{6CB43B51-34F7-4592-9692-EBAEAFA1324A}.Debug|Any CPU.ActiveCfg = Debug|Any CPU
		{6CB43B51-34F7-4592-9692-EBAEAFA1324A}.Debug|Any CPU.Build.0 = Debug|Any CPU
		{6CB43B51-34F7-4592-9692-EBAEAFA1324A}.Release|Any CPU.ActiveCfg = Release|Any CPU
		{6CB43B51-34F7-4592-9692-EBAEAFA1324A}.Release|Any CPU.Build.0 = Release|Any CPU
		{42A7F6D1-6BFD-4C66-BF25-7EA6B0035F13}.Debug|Any CPU.ActiveCfg = Debug|Any CPU
		{42A7F6D1-6BFD-4C66-BF25-7EA6B0035F13}.Debug|Any CPU.Build.0 = Debug|Any CPU
		{42A7F6D1-6BFD-4C66-BF25-7EA6B0035F13}.Release|Any CPU.ActiveCfg = Release|Any CPU
		{42A7F6D1-6BFD-4C66-BF25-7EA6B0035F13}.Release|Any CPU.Build.0 = Release|Any CPU
	EndGlobalSection
	GlobalSection(SolutionProperties) = preSolution
		HideSolutionNode = FALSE
	EndGlobalSection
	GlobalSection(ExtensibilityGlobals) = postSolution
		SolutionGuid = {1F38A4A0-F6DD-4ACE-BA86-53D035503258}
	EndGlobalSection
EndGlobal
